# @generated by Move, please check-in and do not edit manually.

[move]
version = 0
manifest_digest = "553F659A45E4DABE56148D7EA4EA113CDBFE05F9E1DB63390439A4C0E78DF88F"
deps_digest = "757316567F4CF495BC0E707EC0A92AC6F6E518A304C1CB047D969AAC1BD5C321"

dependencies = [
  { name = "Math" },
  { name = "Sui" },
]

dev-dependencies = [
  { name = "CoinHouse" },
  { name = "Toolkit" },
]

[[move.package]]
name = "CoinHouse"
source = { local = "../coin-house" }

dependencies = [
  { name = "MoveStdlib" },
  { name = "Sui" },
]

[[move.package]]
name = "Math"
source = { local = "../math" }

dependencies = [
  { name = "Sui" },
]

[[move.package]]
name = "MoveStdlib"
source = { git = "https://github.com/MystenLabs/sui.git", rev = "mainnet-v1.9.1", subdir = "crates/sui-framework/packages/move-stdlib" }

[[move.package]]
name = "Sui"
source = { git = "https://github.com/MystenLabs/sui.git", rev = "mainnet-v1.9.1", subdir = "crates/sui-framework/packages/sui-framework" }

dependencies = [
  { name = "MoveStdlib" },
]

[[move.package]]
name = "Toolkit"
source = { local = "../toolkit" }

dependencies = [
  { name = "Sui" },
]
