# @generated by Move, please check-in and do not edit manually.

[move]
version = 0
manifest_digest = "A33972757B542B9D12EF21C34676A168A63B39CEEA5BC938C37EA55A8107947A"
deps_digest = "12F4529E2719D86E46042C1EE675F95F51CB54AD94F399A04021CF9B8D2DB7D0"

dependencies = [
  { name = "Math" },
  { name = "Sui" },
]

dev-dependencies = [
  { name = "CoinHouse" },
]

[[move.package]]
name = "CoinHouse"
source = { local = "../coin-house" }

dependencies = [
  { name = "MoveStdlib" },
  { name = "Sui" },
]

[[move.package]]
name = "Math"
source = { local = "../math" }

dependencies = [
  { name = "Sui" },
]

[[move.package]]
name = "MoveStdlib"
source = { git = "https://github.com/MystenLabs/sui.git", rev = "mainnet-v1.9.1", subdir = "crates/sui-framework/packages/move-stdlib" }

[[move.package]]
name = "Sui"
source = { git = "https://github.com/MystenLabs/sui.git", rev = "mainnet-v1.9.1", subdir = "crates/sui-framework/packages/sui-framework" }

dependencies = [
  { name = "MoveStdlib" },
]
