# @generated by Move, please check-in and do not edit manually.

[move]
version = 0
manifest_digest = "A33972757B542B9D12EF21C34676A168A63B39CEEA5BC938C37EA55A8107947A"
deps_digest = "11F006D47598B87C3DADFB0AD28913F9BB3F69166D7FF762EF5E0DF215263328"

dependencies = [
  { name = "Math" },
  { name = "Sui" },
]

dev-dependencies = [
  { name = "CoinHouse" },
]

[[move.package]]
name = "CoinHouse"
source = { local = "../coin-house" }

dependencies = [
  { name = "MoveStdlib" },
  { name = "Sui" },
]

[[move.package]]
name = "Math"
source = { local = "../math" }

dependencies = [
  { name = "Sui" },
]

[[move.package]]
name = "MoveStdlib"
source = { git = "https://github.com/MystenLabs/sui.git", rev = "mainnet-v1.9.1", subdir = "crates/sui-framework/packages/move-stdlib" }

[[move.package]]
name = "Sui"
source = { git = "https://github.com/MystenLabs/sui.git", rev = "mainnet-v1.9.1", subdir = "crates/sui-framework/packages/sui-framework" }

dependencies = [
  { name = "MoveStdlib" },
]
