# @generated by Move, please check-in and do not edit manually.

[move]
version = 0
manifest_digest = "8949CE4C7C95D42F1628F8ED4CCE3DCD2E522AAC87172F5F58203FDEF18D08D6"
deps_digest = "80E7E6E4F8879B4005C59F77F36388B79899A57CD10651BA435E1912E8516799"

dependencies = [
  { name = "Math" },
  { name = "MoveStdlib" },
  { name = "Sui" },
  { name = "SuiSystem" },
]

[[move.package]]
name = "Math"
source = { local = "../math" }

dependencies = [
  { name = "Sui" },
]

[[move.package]]
name = "MoveStdlib"
source = { git = "https://github.com/MystenLabs/sui.git", rev = "mainnet-v1.9.1", subdir = "crates/sui-framework/packages/move-stdlib" }

[[move.package]]
name = "Sui"
source = { git = "https://github.com/MystenLabs/sui.git", rev = "mainnet-v1.9.1", subdir = "crates/sui-framework/packages/sui-framework" }

dependencies = [
  { name = "MoveStdlib" },
]

[[move.package]]
name = "SuiSystem"
source = { git = "https://github.com/MystenLabs/sui.git", rev = "main", subdir = "crates/sui-framework/packages/sui-system" }

dependencies = [
  { name = "MoveStdlib" },
  { name = "Sui" },
]
