# @generated by Move, please check-in and do not edit manually.

[move]
version = 0
manifest_digest = "8E99EBBEA1C5B0CAF189EF18C06DB1CFB2C83D06CC378FF0392A14993F1AE8AC"
deps_digest = "AEF4D73741576E788F6373DEB82EAC10D5F8831B385A0A37D91D935291E0A75F"

dependencies = [
  { name = "Math" },
  { name = "Sui" },
]

[[move.package]]
name = "Math"
source = { local = "../math" }

dependencies = [
  { name = "Sui" },
]

[[move.package]]
name = "MoveStdlib"
source = { git = "https://github.com/MystenLabs/sui.git", rev = "framework/mainnet", subdir = "crates/sui-framework/packages/move-stdlib" }

[[move.package]]
name = "Sui"
source = { git = "https://github.com/MystenLabs/sui.git", rev = "framework/mainnet", subdir = "crates/sui-framework/packages/sui-framework" }

dependencies = [
  { name = "MoveStdlib" },
]
